
Microsoft Visual Studio Solution File, Format Version 12.00
# Visual Studio Version 17
VisualStudioVersion = 17.2.32616.157
MinimumVisualStudioVersion = 10.0.40219.1
Project("{FAE04EC0-301F-11D3-BF4B-00C04F79EFBC}") = "HastaKayit", "HastaKayit\HastaKayit.csproj", "{0EA2CDF8-BE21-4759-96D0-283AB1C8E01C}"
EndProject
Global
	GlobalSection(SolutionConfigurationPlatforms) = preSolution
		Debug|Any CPU = Debug|Any CPU
		Release|Any CPU = Release|Any CPU
	EndGlobalSection
	GlobalSection(ProjectConfigurationPlatforms) = postSolution
		{0EA2CDF8-BE21-4759-96D0-283AB1C8E01C}.Debug|Any CPU.ActiveCfg = Debug|Any CPU
		{0EA2CDF8-BE21-4759-96D0-283AB1C8E01C}.Debug|Any CPU.Build.0 = Debug|Any CPU
		{0EA2CDF8-BE21-4759-96D0-283AB1C8E01C}.Release|Any CPU.ActiveCfg = Release|Any CPU
		{0EA2CDF8-BE21-4759-96D0-283AB1C8E01C}.Release|Any CPU.Build.0 = Release|Any CPU
	EndGlobalSection
	GlobalSection(SolutionProperties) = preSolution
		HideSolutionNode = FALSE
	EndGlobalSection
	GlobalSection(ExtensibilityGlobals) = postSolution
		SolutionGuid = {8527084C-D89E-4737-B998-5C9F27C1ABAD}
	EndGlobalSection
EndGlobal
